// !$*UTF8*$!
{
	archiveVersion = 1;
	classes = {
	};
	objectVersion = 46;
	objects = {

/* Begin PBXBuildFile section */
		2C67AE001CC2716F00A552F3 /* main.m in Sources */ = {isa = PBXBuildFile; fileRef = 2C67ADFF1CC2716F00A552F3 /* main.m */; };
		2C67AE0B1CC2716F00A552F3 /* Assets.xcassets in Resources */ = {isa = PBXBuildFile; fileRef = 2C67AE0A1CC2716F00A552F3 /* Assets.xcassets */; };
		2CB98A2C1CC273BE00837278 /* Input.cpp in Sources */ = {isa = PBXBuildFile; fileRef = 2CB98A271CC273BE00837278 /* Input.cpp */; };
		2CB98A2D1CC273BE00837278 /* Mixer.cpp in Sources */ = {isa = PBXBuildFile; fileRef = 2CB98A281CC273BE00837278 /* Mixer.cpp */; };
		2CB98A2E1CC273BE00837278 /* Reframer.cpp in Sources */ = {isa = PBXBuildFile; fileRef = 2CB98A291CC273BE00837278 /* Reframer.cpp */; };
		2CB98A2F1CC273BE00837278 /* Resampler.cpp in Sources */ = {isa = PBXBuildFile; fileRef = 2CB98A2A1CC273BE00837278 /* Resampler.cpp */; };
		2CB98A301CC273BE00837278 /* WavSound.cpp in Sources */ = {isa = PBXBuildFile; fileRef = 2CB98A2B1CC273BE00837278 /* WavSound.cpp */; };
		2CB98A321CC273DE00837278 /* main.cpp in Sources */ = {isa = PBXBuildFile; fileRef = 2CB98A311CC273DE00837278 /* main.cpp */; };
		2CB98A341CC273F300837278 /* main.cpp in Sources */ = {isa = PBXBuildFile; fileRef = 2CB98A331CC273F300837278 /* main.cpp */; };
		2CB98A361CC2770500837278 /* AudioUnit.framework in Frameworks */ = {isa = PBXBuildFile; fileRef = 2CB98A351CC2770500837278 /* AudioUnit.framework */; };
		BEE235CDDD79EFE06A3B49EA /* libPods.a in Frameworks */ = {isa = PBXBuildFile; fileRef = E1DCB4415773CA4A7BF1354B /* libPods.a */; };
/* End PBXBuildFile section */

/* Begin PBXFileReference section */
		2C67ADFB1CC2716F00A552F3 /* tests.app */ = {isa = PBXFileReference; explicitFileType = wrapper.application; includeInIndex = 0; path = tests.app; sourceTree = BUILT_PRODUCTS_DIR; };
		2C67ADFF1CC2716F00A552F3 /* main.m */ = {isa = PBXFileReference; lastKnownFileType = sourcecode.c.objc; path = main.m; sourceTree = "<group>"; };
		2C67AE0A1CC2716F00A552F3 /* Assets.xcassets */ = {isa = PBXFileReference; lastKnownFileType = folder.assetcatalog; path = Assets.xcassets; sourceTree = "<group>"; };
		2C67AE0F1CC2716F00A552F3 /* Info.plist */ = {isa = PBXFileReference; lastKnownFileType = text.plist.xml; path = Info.plist; sourceTree = "<group>"; };
		2CB98A271CC273BE00837278 /* Input.cpp */ = {isa = PBXFileReference; fileEncoding = 4; lastKnownFileType = sourcecode.cpp.cpp; name = Input.cpp; path = ../src/aumiks/Input.cpp; sourceTree = "<group>"; };
		2CB98A281CC273BE00837278 /* Mixer.cpp */ = {isa = PBXFileReference; fileEncoding = 4; lastKnownFileType = sourcecode.cpp.cpp; name = Mixer.cpp; path = ../src/aumiks/Mixer.cpp; sourceTree = "<group>"; };
		2CB98A291CC273BE00837278 /* Reframer.cpp */ = {isa = PBXFileReference; fileEncoding = 4; lastKnownFileType = sourcecode.cpp.cpp; name = Reframer.cpp; path = ../src/aumiks/Reframer.cpp; sourceTree = "<group>"; };
		2CB98A2A1CC273BE00837278 /* Resampler.cpp */ = {isa = PBXFileReference; fileEncoding = 4; lastKnownFileType = sourcecode.cpp.cpp; name = Resampler.cpp; path = ../src/aumiks/Resampler.cpp; sourceTree = "<group>"; };
		2CB98A2B1CC273BE00837278 /* WavSound.cpp */ = {isa = PBXFileReference; fileEncoding = 4; lastKnownFileType = sourcecode.cpp.cpp; name = WavSound.cpp; path = ../src/aumiks/WavSound.cpp; sourceTree = "<group>"; };
		2CB98A311CC273DE00837278 /* main.cpp */ = {isa = PBXFileReference; fileEncoding = 4; lastKnownFileType = sourcecode.cpp.cpp; name = main.cpp; path = ../../tests/playwav/main.cpp; sourceTree = "<group>"; };
		2CB98A331CC273F300837278 /* main.cpp */ = {isa = PBXFileReference; fileEncoding = 4; lastKnownFileType = sourcecode.cpp.cpp; name = main.cpp; path = ../../tests/playparallel/main.cpp; sourceTree = "<group>"; };
		2CB98A351CC2770500837278 /* AudioUnit.framework */ = {isa = PBXFileReference; lastKnownFileType = wrapper.framework; name = AudioUnit.framework; path = System/Library/Frameworks/AudioUnit.framework; sourceTree = SDKROOT; };
		4FB7C247ADF14884D362D026 /* Pods.debug.xcconfig */ = {isa = PBXFileReference; includeInIndex = 1; lastKnownFileType = text.xcconfig; name = Pods.debug.xcconfig; path = "Pods/Target Support Files/Pods/Pods.debug.xcconfig"; sourceTree = "<group>"; };
		C32C035B55C9C4D1D61DB0BE /* Pods.release.xcconfig */ = {isa = PBXFileReference; includeInIndex = 1; lastKnownFileType = text.xcconfig; name = Pods.release.xcconfig; path = "Pods/Target Support Files/Pods/Pods.release.xcconfig"; sourceTree = "<group>"; };
		E1DCB4415773CA4A7BF1354B /* libPods.a */ = {isa = PBXFileReference; explicitFileType = archive.ar; includeInIndex = 0; path = libPods.a; sourceTree = BUILT_PRODUCTS_DIR; };
/* End PBXFileReference section */

/* Begin PBXFrameworksBuildPhase section */
		2C67ADF81CC2716F00A552F3 /* Frameworks */ = {
			isa = PBXFrameworksBuildPhase;
			buildActionMask = 2147483647;
			files = (
				2CB98A361CC2770500837278 /* AudioUnit.framework in Frameworks */,
				BEE235CDDD79EFE06A3B49EA /* libPods.a in Frameworks */,
			);
			runOnlyForDeploymentPostprocessing = 0;
		};
/* End PBXFrameworksBuildPhase section */

/* Begin PBXGroup section */
		2C67ADF21CC2716F00A552F3 = {
			isa = PBXGroup;
			children = (
				2CB98A261CC273A100837278 /* aumiks */,
				2C67ADFD1CC2716F00A552F3 /* tests */,
				2C67ADFC1CC2716F00A552F3 /* Products */,
				50CD715DE0831D6B5D929D61 /* Pods */,
				EB244745AFCE927BD0A8AB23 /* Frameworks */,
			);
			sourceTree = "<group>";
		};
		2C67ADFC1CC2716F00A552F3 /* Products */ = {
			isa = PBXGroup;
			children = (
				2C67ADFB1CC2716F00A552F3 /* tests.app */,
			);
			name = Products;
			sourceTree = "<group>";
		};
		2C67ADFD1CC2716F00A552F3 /* tests */ = {
			isa = PBXGroup;
			children = (
				2CB98A331CC273F300837278 /* main.cpp */,
				2CB98A311CC273DE00837278 /* main.cpp */,
				2C67AE0A1CC2716F00A552F3 /* Assets.xcassets */,
				2C67AE0F1CC2716F00A552F3 /* Info.plist */,
				2C67ADFE1CC2716F00A552F3 /* Supporting Files */,
			);
			path = tests;
			sourceTree = "<group>";
		};
		2C67ADFE1CC2716F00A552F3 /* Supporting Files */ = {
			isa = PBXGroup;
			children = (
				2C67ADFF1CC2716F00A552F3 /* main.m */,
			);
			name = "Supporting Files";
			sourceTree = "<group>";
		};
		2CB98A261CC273A100837278 /* aumiks */ = {
			isa = PBXGroup;
			children = (
				2CB98A271CC273BE00837278 /* Input.cpp */,
				2CB98A281CC273BE00837278 /* Mixer.cpp */,
				2CB98A291CC273BE00837278 /* Reframer.cpp */,
				2CB98A2A1CC273BE00837278 /* Resampler.cpp */,
				2CB98A2B1CC273BE00837278 /* WavSound.cpp */,
			);
			name = aumiks;
			sourceTree = "<group>";
		};
		50CD715DE0831D6B5D929D61 /* Pods */ = {
			isa = PBXGroup;
			children = (
				4FB7C247ADF14884D362D026 /* Pods.debug.xcconfig */,
				C32C035B55C9C4D1D61DB0BE /* Pods.release.xcconfig */,
			);
			name = Pods;
			sourceTree = "<group>";
		};
		EB244745AFCE927BD0A8AB23 /* Frameworks */ = {
			isa = PBXGroup;
			children = (
				2CB98A351CC2770500837278 /* AudioUnit.framework */,
				E1DCB4415773CA4A7BF1354B /* libPods.a */,
			);
			name = Frameworks;
			sourceTree = "<group>";
		};
/* End PBXGroup section */

/* Begin PBXNativeTarget section */
		2C67ADFA1CC2716F00A552F3 /* tests */ = {
			isa = PBXNativeTarget;
			buildConfigurationList = 2C67AE121CC2716F00A552F3 /* Build configuration list for PBXNativeTarget "tests" */;
			buildPhases = (
				C9D32BE37A01D119A2B73C83 /* Check Pods Manifest.lock */,
				2C67ADF71CC2716F00A552F3 /* Sources */,
				2C67ADF81CC2716F00A552F3 /* Frameworks */,
				2C67ADF91CC2716F00A552F3 /* Resources */,
				0D246CAA40977968123FE6B8 /* Embed Pods Frameworks */,
				CACE82CA9C9E4E6DE5BB4481 /* Copy Pods Resources */,
			);
			buildRules = (
			);
			dependencies = (
			);
			name = tests;
			productName = tests;
			productReference = 2C67ADFB1CC2716F00A552F3 /* tests.app */;
			productType = "com.apple.product-type.application";
		};
/* End PBXNativeTarget section */

/* Begin PBXProject section */
		2C67ADF31CC2716F00A552F3 /* Project object */ = {
			isa = PBXProject;
			attributes = {
				LastUpgradeCheck = 0730;
				ORGANIZATIONNAME = "Ivan Gagis";
				TargetAttributes = {
					2C67ADFA1CC2716F00A552F3 = {
						CreatedOnToolsVersion = 7.3;
					};
				};
			};
			buildConfigurationList = 2C67ADF61CC2716F00A552F3 /* Build configuration list for PBXProject "tests" */;
			compatibilityVersion = "Xcode 3.2";
			developmentRegion = English;
			hasScannedForEncodings = 0;
			knownRegions = (
				en,
				Base,
			);
			mainGroup = 2C67ADF21CC2716F00A552F3;
			productRefGroup = 2C67ADFC1CC2716F00A552F3 /* Products */;
			projectDirPath = "";
			projectRoot = "";
			targets = (
				2C67ADFA1CC2716F00A552F3 /* tests */,
			);
		};
/* End PBXProject section */

/* Begin PBXResourcesBuildPhase section */
		2C67ADF91CC2716F00A552F3 /* Resources */ = {
			isa = PBXResourcesBuildPhase;
			buildActionMask = 2147483647;
			files = (
				2C67AE0B1CC2716F00A552F3 /* Assets.xcassets in Resources */,
			);
			runOnlyForDeploymentPostprocessing = 0;
		};
/* End PBXResourcesBuildPhase section */

/* Begin PBXShellScriptBuildPhase section */
		0D246CAA40977968123FE6B8 /* Embed Pods Frameworks */ = {
			isa = PBXShellScriptBuildPhase;
			buildActionMask = 2147483647;
			files = (
			);
			inputPaths = (
			);
			name = "Embed Pods Frameworks";
			outputPaths = (
			);
			runOnlyForDeploymentPostprocessing = 0;
			shellPath = /bin/sh;
			shellScript = "\"${SRCROOT}/Pods/Target Support Files/Pods/Pods-frameworks.sh\"\n";
			showEnvVarsInLog = 0;
		};
		C9D32BE37A01D119A2B73C83 /* Check Pods Manifest.lock */ = {
			isa = PBXShellScriptBuildPhase;
			buildActionMask = 2147483647;
			files = (
			);
			inputPaths = (
			);
			name = "Check Pods Manifest.lock";
			outputPaths = (
			);
			runOnlyForDeploymentPostprocessing = 0;
			shellPath = /bin/sh;
			shellScript = "diff \"${PODS_ROOT}/../Podfile.lock\" \"${PODS_ROOT}/Manifest.lock\" > /dev/null\nif [[ $? != 0 ]] ; then\n    cat << EOM\nerror: The sandbox is not in sync with the Podfile.lock. Run 'pod install' or update your CocoaPods installation.\nEOM\n    exit 1\nfi\n";
			showEnvVarsInLog = 0;
		};
		CACE82CA9C9E4E6DE5BB4481 /* Copy Pods Resources */ = {
			isa = PBXShellScriptBuildPhase;
			buildActionMask = 2147483647;
			files = (
			);
			inputPaths = (
			);
			name = "Copy Pods Resources";
			outputPaths = (
			);
			runOnlyForDeploymentPostprocessing = 0;
			shellPath = /bin/sh;
			shellScript = "\"${SRCROOT}/Pods/Target Support Files/Pods/Pods-resources.sh\"\n";
			showEnvVarsInLog = 0;
		};
/* End PBXShellScriptBuildPhase section */

/* Begin PBXSourcesBuildPhase section */
		2C67ADF71CC2716F00A552F3 /* Sources */ = {
			isa = PBXSourcesBuildPhase;
			buildActionMask = 2147483647;
			files = (
				2CB98A301CC273BE00837278 /* WavSound.cpp in Sources */,
				2CB98A2D1CC273BE00837278 /* Mixer.cpp in Sources */,
				2CB98A2E1CC273BE00837278 /* Reframer.cpp in Sources */,
				2CB98A2C1CC273BE00837278 /* Input.cpp in Sources */,
				2CB98A321CC273DE00837278 /* main.cpp in Sources */,
				2CB98A2F1CC273BE00837278 /* Resampler.cpp in Sources */,
				2CB98A341CC273F300837278 /* main.cpp in Sources */,
				2C67AE001CC2716F00A552F3 /* main.m in Sources */,
			);
			runOnlyForDeploymentPostprocessing = 0;
		};
/* End PBXSourcesBuildPhase section */

/* Begin XCBuildConfiguration section */
		2C67AE101CC2716F00A552F3 /* Debug */ = {
			isa = XCBuildConfiguration;
			buildSettings = {
				ALWAYS_SEARCH_USER_PATHS = NO;
				CLANG_ANALYZER_NONNULL = YES;
				CLANG_CXX_LANGUAGE_STANDARD = "gnu++0x";
				CLANG_CXX_LIBRARY = "libc++";
				CLANG_ENABLE_MODULES = YES;
				CLANG_ENABLE_OBJC_ARC = YES;
				CLANG_WARN_BOOL_CONVERSION = YES;
				CLANG_WARN_CONSTANT_CONVERSION = YES;
				CLANG_WARN_DIRECT_OBJC_ISA_USAGE = YES_ERROR;
				CLANG_WARN_EMPTY_BODY = YES;
				CLANG_WARN_ENUM_CONVERSION = YES;
				CLANG_WARN_INT_CONVERSION = YES;
				CLANG_WARN_OBJC_ROOT_CLASS = YES_ERROR;
				CLANG_WARN_UNREACHABLE_CODE = YES;
				CLANG_WARN__DUPLICATE_METHOD_MATCH = YES;
				"CODE_SIGN_IDENTITY[sdk=iphoneos*]" = "iPhone Developer";
				COPY_PHASE_STRIP = NO;
				DEBUG_INFORMATION_FORMAT = dwarf;
				ENABLE_STRICT_OBJC_MSGSEND = YES;
				ENABLE_TESTABILITY = YES;
				GCC_C_LANGUAGE_STANDARD = gnu99;
				GCC_DYNAMIC_NO_PIC = NO;
				GCC_NO_COMMON_BLOCKS = YES;
				GCC_OPTIMIZATION_LEVEL = 0;
				GCC_PREPROCESSOR_DEFINITIONS = (
					"DEBUG=1",
					"$(inherited)",
				);
				GCC_WARN_64_TO_32_BIT_CONVERSION = YES;
				GCC_WARN_ABOUT_RETURN_TYPE = YES_ERROR;
				GCC_WARN_UNDECLARED_SELECTOR = YES;
				GCC_WARN_UNINITIALIZED_AUTOS = YES_AGGRESSIVE;
				GCC_WARN_UNUSED_FUNCTION = YES;
				GCC_WARN_UNUSED_VARIABLE = YES;
				IPHONEOS_DEPLOYMENT_TARGET = 9.3;
				MTL_ENABLE_DEBUG_INFO = YES;
				ONLY_ACTIVE_ARCH = YES;
				SDKROOT = iphoneos;
				TARGETED_DEVICE_FAMILY = "1,2";
			};
			name = Debug;
		};
		2C67AE111CC2716F00A552F3 /* Release */ = {
			isa = XCBuildConfiguration;
			buildSettings = {
				ALWAYS_SEARCH_USER_PATHS = NO;
				CLANG_ANALYZER_NONNULL = YES;
				CLANG_CXX_LANGUAGE_STANDARD = "gnu++0x";
				CLANG_CXX_LIBRARY = "libc++";
				CLANG_ENABLE_MODULES = YES;
				CLANG_ENABLE_OBJC_ARC = YES;
				CLANG_WARN_BOOL_CONVERSION = YES;
				CLANG_WARN_CONSTANT_CONVERSION = YES;
				CLANG_WARN_DIRECT_OBJC_ISA_USAGE = YES_ERROR;
				CLANG_WARN_EMPTY_BODY = YES;
				CLANG_WARN_ENUM_CONVERSION = YES;
				CLANG_WARN_INT_CONVERSION = YES;
				CLANG_WARN_OBJC_ROOT_CLASS = YES_ERROR;
				CLANG_WARN_UNREACHABLE_CODE = YES;
				CLANG_WARN__DUPLICATE_METHOD_MATCH = YES;
				"CODE_SIGN_IDENTITY[sdk=iphoneos*]" = "iPhone Developer";
				COPY_PHASE_STRIP = NO;
				DEBUG_INFORMATION_FORMAT = "dwarf-with-dsym";
				ENABLE_NS_ASSERTIONS = NO;
				ENABLE_STRICT_OBJC_MSGSEND = YES;
				GCC_C_LANGUAGE_STANDARD = gnu99;
				GCC_NO_COMMON_BLOCKS = YES;
				GCC_WARN_64_TO_32_BIT_CONVERSION = YES;
				GCC_WARN_ABOUT_RETURN_TYPE = YES_ERROR;
				GCC_WARN_UNDECLARED_SELECTOR = YES;
				GCC_WARN_UNINITIALIZED_AUTOS = YES_AGGRESSIVE;
				GCC_WARN_UNUSED_FUNCTION = YES;
				GCC_WARN_UNUSED_VARIABLE = YES;
				IPHONEOS_DEPLOYMENT_TARGET = 9.3;
				MTL_ENABLE_DEBUG_INFO = NO;
				SDKROOT = iphoneos;
				TARGETED_DEVICE_FAMILY = "1,2";
				VALIDATE_PRODUCT = YES;
			};
			name = Release;
		};
		2C67AE131CC2716F00A552F3 /* Debug */ = {
			isa = XCBuildConfiguration;
			baseConfigurationReference = 4FB7C247ADF14884D362D026 /* Pods.debug.xcconfig */;
			buildSettings = {
				ASSETCATALOG_COMPILER_APPICON_NAME = AppIcon;
				INFOPLIST_FILE = tests/Info.plist;
				LD_RUNPATH_SEARCH_PATHS = "$(inherited) @executable_path/Frameworks";
				PRODUCT_BUNDLE_IDENTIFIER = org.igagis.tests;
				PRODUCT_NAME = "$(TARGET_NAME)";
			};
			name = Debug;
		};
		2C67AE141CC2716F00A552F3 /* Release */ = {
			isa = XCBuildConfiguration;
			baseConfigurationReference = C32C035B55C9C4D1D61DB0BE /* Pods.release.xcconfig */;
			buildSettings = {
				ASSETCATALOG_COMPILER_APPICON_NAME = AppIcon;
				INFOPLIST_FILE = tests/Info.plist;
				LD_RUNPATH_SEARCH_PATHS = "$(inherited) @executable_path/Frameworks";
				PRODUCT_BUNDLE_IDENTIFIER = org.igagis.tests;
				PRODUCT_NAME = "$(TARGET_NAME)";
			};
			name = Release;
		};
/* End XCBuildConfiguration section */

/* Begin XCConfigurationList section */
		2C67ADF61CC2716F00A552F3 /* Build configuration list for PBXProject "tests" */ = {
			isa = XCConfigurationList;
			buildConfigurations = (
				2C67AE101CC2716F00A552F3 /* Debug */,
				2C67AE111CC2716F00A552F3 /* Release */,
			);
			defaultConfigurationIsVisible = 0;
			defaultConfigurationName = Release;
		};
		2C67AE121CC2716F00A552F3 /* Build configuration list for PBXNativeTarget "tests" */ = {
			isa = XCConfigurationList;
			buildConfigurations = (
				2C67AE131CC2716F00A552F3 /* Debug */,
				2C67AE141CC2716F00A552F3 /* Release */,
			);
			defaultConfigurationIsVisible = 0;
			defaultConfigurationName = Release;
		};
/* End XCConfigurationList section */
	};
	rootObject = 2C67ADF31CC2716F00A552F3 /* Project object */;
}
